# @generated by Move, please check-in and do not edit manually.

[move]
version = 3
manifest_digest = "9D43E41A9242FAAFD1FF7CAEC9C7ACBFE87E7A89CDFADD543F7D2CA4E9E085F0"
deps_digest = "F8BBB0CCB2491CA29A3DF03D6F92277A4F3574266507ACD77214D37ECA3F3082"
dependencies = [
  { id = "Sui", name = "Sui" },
]

[[move.package]]
id = "MoveStdlib"
source = { git = "https://github.com/MystenLabs/sui.git", rev = "framework/testnet", subdir = "crates/sui-framework/packages/move-stdlib" }

[[move.package]]
id = "Sui"
source = { git = "https://github.com/MystenLabs/sui.git", rev = "framework/testnet", subdir = "crates/sui-framework/packages/sui-framework" }

dependencies = [
  { id = "MoveStdlib", name = "MoveStdlib" },
]

[move.toolchain-version]
compiler-version = "1.59.0"
edition = "2024.beta"
flavor = "sui"

[env]

[env.devnet]
chain-id = "4e8248fb"
original-published-id = "0x302f582a43a8d22bc2a030ab76e3253f79618217a7a6576ad8a91b6075a85ae8"
latest-published-id = "0x302f582a43a8d22bc2a030ab76e3253f79618217a7a6576ad8a91b6075a85ae8"
published-version = "1"
